
Microsoft Visual Studio Solution File, Format Version 12.00
# Visual Studio 2013
VisualStudioVersion = 12.0.21005.1
MinimumVisualStudioVersion = 10.0.40219.1
Project("{8BC9CEB8-8B4A-11D0-8D11-00A0C91BC942}") = "engine", "engine\engine.vcxproj", "{B830743E-A80C-4703-8F6C-AD0ED8A1FB8A}"
	ProjectSection(ProjectDependencies) = postProject
		{50F9C43C-8124-4129-A5ED-C6013434D123} = {50F9C43C-8124-4129-A5ED-C6013434D123}
	EndProjectSection
EndProject
Project("{8BC9CEB8-8B4A-11D0-8D11-00A0C91BC942}") = "SOIL2", "external\SOIL2\SOIL2.vcxproj", "{50F9C43C-8124-4129-A5ED-C6013434D123}"
EndProject
Project("{8BC9CEB8-8B4A-11D0-8D11-00A0C91BC942}") = "DDSTextureLoader", "external\DDSTextureLoader\DDSTextureLoader.vcxproj", "{9CA2CACB-9952-42B4-AD07-7216E4AEFE11}"
EndProject
Project("{8BC9CEB8-8B4A-11D0-8D11-00A0C91BC942}") = "devel", "test\devel\devel.vcxproj", "{9EA41068-2818-4E8C-97B6-D1C99214C956}"
	ProjectSection(ProjectDependencies) = postProject
		{B830743E-A80C-4703-8F6C-AD0ED8A1FB8A} = {B830743E-A80C-4703-8F6C-AD0ED8A1FB8A}
	EndProjectSection
EndProject
Project("{2150E333-8FDC-42A3-9474-1A3956D46DE8}") = "Test Projects", "Test Projects", "{BC467E0B-1594-416E-BD82-80C873D8744F}"
EndProject
Global
	GlobalSection(SolutionConfigurationPlatforms) = preSolution
		Debug|Win32 = Debug|Win32
		Release|Win32 = Release|Win32
	EndGlobalSection
	GlobalSection(ProjectConfigurationPlatforms) = postSolution
		{B830743E-A80C-4703-8F6C-AD0ED8A1FB8A}.Debug|Win32.ActiveCfg = Debug|Win32
		{B830743E-A80C-4703-8F6C-AD0ED8A1FB8A}.Debug|Win32.Build.0 = Debug|Win32
		{B830743E-A80C-4703-8F6C-AD0ED8A1FB8A}.Release|Win32.ActiveCfg = Release|Win32
		{B830743E-A80C-4703-8F6C-AD0ED8A1FB8A}.Release|Win32.Build.0 = Release|Win32
		{50F9C43C-8124-4129-A5ED-C6013434D123}.Debug|Win32.ActiveCfg = Debug|Win32
		{50F9C43C-8124-4129-A5ED-C6013434D123}.Debug|Win32.Build.0 = Debug|Win32
		{50F9C43C-8124-4129-A5ED-C6013434D123}.Release|Win32.ActiveCfg = Release|Win32
		{50F9C43C-8124-4129-A5ED-C6013434D123}.Release|Win32.Build.0 = Release|Win32
		{9CA2CACB-9952-42B4-AD07-7216E4AEFE11}.Debug|Win32.ActiveCfg = Debug|Win32
		{9CA2CACB-9952-42B4-AD07-7216E4AEFE11}.Debug|Win32.Build.0 = Debug|Win32
		{9CA2CACB-9952-42B4-AD07-7216E4AEFE11}.Release|Win32.ActiveCfg = Release|Win32
		{9CA2CACB-9952-42B4-AD07-7216E4AEFE11}.Release|Win32.Build.0 = Release|Win32
		{9EA41068-2818-4E8C-97B6-D1C99214C956}.Debug|Win32.ActiveCfg = Debug|Win32
		{9EA41068-2818-4E8C-97B6-D1C99214C956}.Debug|Win32.Build.0 = Debug|Win32
		{9EA41068-2818-4E8C-97B6-D1C99214C956}.Release|Win32.ActiveCfg = Release|Win32
		{9EA41068-2818-4E8C-97B6-D1C99214C956}.Release|Win32.Build.0 = Release|Win32
	EndGlobalSection
	GlobalSection(SolutionProperties) = preSolution
		HideSolutionNode = FALSE
	EndGlobalSection
	GlobalSection(NestedProjects) = preSolution
		{9EA41068-2818-4E8C-97B6-D1C99214C956} = {BC467E0B-1594-416E-BD82-80C873D8744F}
	EndGlobalSection
EndGlobal
