<?xml version="1.0" encoding="utf-8"?>
<Project ToolsVersion="4.0" xmlns="http://schemas.microsoft.com/developer/msbuild/2003">
  <ItemGroup>
    <Filter Include="src">
      <UniqueIdentifier>{4FC737F1-C7A5-4376-A066-2A32D752A2FF}</UniqueIdentifier>
      <Extensions>cpp;c;cc;cxx;def;odl;idl;hpj;bat;asm;asmx</Extensions>
    </Filter>
    <Filter Include="shaders">
      <UniqueIdentifier>{797f7a9e-a6e6-4d1e-bad0-a41d311193da}</UniqueIdentifier>
    </Filter>
  </ItemGroup>
  <ItemGroup>
    <ClCompile Include="main.cpp">
      <Filter>src</Filter>
    </ClCompile>
  </ItemGroup>
  <ItemGroup>
    <None Include="test.frag.fx">
      <Filter>shaders</Filter>
    </None>
    <None Include="test.vert.fx">
      <Filter>shaders</Filter>
    </None>
    <None Include="font.frag.glsl">
      <Filter>shaders</Filter>
    </None>
    <None Include="mesh.frag.glsl">
      <Filter>shaders</Filter>
    </None>
    <None Include="mesh.vert.glsl">
      <Filter>shaders</Filter>
    </None>
    <None Include="sprite.frag.glsl">
      <Filter>shaders</Filter>
    </None>
    <None Include="sprite.vert.glsl">
      <Filter>shaders</Filter>
    </None>
  </ItemGroup>
</Project>