<?xml version="1.0" encoding="utf-8"?>
<Project ToolsVersion="4.0" xmlns="http://schemas.microsoft.com/developer/msbuild/2003">
  <ItemGroup>
    <Filter Include="src">
      <UniqueIdentifier>{4FC737F1-C7A5-4376-A066-2A32D752A2FF}</UniqueIdentifier>
      <Extensions>cpp;c;cc;cxx;def;odl;idl;hpj;bat;asm;asmx</Extensions>
    </Filter>
    <Filter Include="src\debug">
      <UniqueIdentifier>{3d8e3c6a-893a-4915-801f-ab7bf9cc13ec}</UniqueIdentifier>
    </Filter>
    <Filter Include="src\math">
      <UniqueIdentifier>{c9b64562-c5b4-4ee7-bf29-d14b1bbaeed9}</UniqueIdentifier>
    </Filter>
    <Filter Include="src\input">
      <UniqueIdentifier>{b0553186-1db7-4fe9-8ac2-10b5358e990d}</UniqueIdentifier>
    </Filter>
    <Filter Include="src\graphics">
      <UniqueIdentifier>{f426e4a2-fc70-45f7-9147-890478783c5b}</UniqueIdentifier>
    </Filter>
    <Filter Include="src\graphics\render">
      <UniqueIdentifier>{ed1f6f4d-d17f-4b92-8901-123a944679b8}</UniqueIdentifier>
    </Filter>
    <Filter Include="src\graphics\gui">
      <UniqueIdentifier>{41e15434-3732-485f-baeb-51669960c2a2}</UniqueIdentifier>
    </Filter>
    <Filter Include="src\system">
      <UniqueIdentifier>{26a604fb-f88a-4ca6-a2cd-964adcb23926}</UniqueIdentifier>
    </Filter>
    <Filter Include="src\shaders">
      <UniqueIdentifier>{ab1f975c-b6af-4410-9e06-4e2cef9da0d9}</UniqueIdentifier>
    </Filter>
    <Filter Include="src\graphics\pipeline">
      <UniqueIdentifier>{0a8df85e-ec87-433f-8327-680f6ec642c3}</UniqueIdentifier>
    </Filter>
    <Filter Include="src\graphics\pipeline\stage">
      <UniqueIdentifier>{c1b31eba-cbc9-4b75-803d-29614bc2e4d6}</UniqueIdentifier>
    </Filter>
    <Filter Include="src\graphics\pipeline\stage\debug">
      <UniqueIdentifier>{eefe16aa-86d1-4c76-9b36-507eacca362a}</UniqueIdentifier>
    </Filter>
    <Filter Include="src\shaders\debug">
      <UniqueIdentifier>{ce009e9b-ca08-4243-9b02-80b74dc48019}</UniqueIdentifier>
    </Filter>
    <Filter Include="src\shaders\lib">
      <UniqueIdentifier>{1981cc51-54ed-4701-bf21-45a0474b2a72}</UniqueIdentifier>
    </Filter>
    <Filter Include="src\graphics\pipeline\stage\lightsector">
      <UniqueIdentifier>{acadafe0-972f-4bc9-8144-091e0628e36e}</UniqueIdentifier>
    </Filter>
  </ItemGroup>
  <ItemGroup>
    <ClInclude Include="..\include\blons\debug\console.h">
      <Filter>src\debug</Filter>
    </ClInclude>
    <ClInclude Include="..\include\blons\debug\log.h">
      <Filter>src\debug</Filter>
    </ClInclude>
    <ClInclude Include="..\include\blons\graphics\camera.h">
      <Filter>src\graphics</Filter>
    </ClInclude>
    <ClInclude Include="..\include\blons\graphics\graphics.h">
      <Filter>src\graphics</Filter>
    </ClInclude>
    <ClInclude Include="..\include\blons\graphics\mesh.h">
      <Filter>src\graphics</Filter>
    </ClInclude>
    <ClInclude Include="..\include\blons\graphics\meshimporter.h">
      <Filter>src\graphics</Filter>
    </ClInclude>
    <ClInclude Include="..\include\blons\graphics\model.h">
      <Filter>src\graphics</Filter>
    </ClInclude>
    <ClInclude Include="..\include\blons\graphics\sprite.h">
      <Filter>src\graphics</Filter>
    </ClInclude>
    <ClInclude Include="..\include\blons\graphics\texture.h">
      <Filter>src\graphics</Filter>
    </ClInclude>
    <ClInclude Include="..\include\blons\graphics\gui\button.h">
      <Filter>src\graphics\gui</Filter>
    </ClInclude>
    <ClInclude Include="..\include\blons\graphics\gui\colourstring.h">
      <Filter>src\graphics\gui</Filter>
    </ClInclude>
    <ClInclude Include="..\include\blons\graphics\gui\consoletextarea.h">
      <Filter>src\graphics\gui</Filter>
    </ClInclude>
    <ClInclude Include="..\include\blons\graphics\gui\consoletextbox.h">
      <Filter>src\graphics\gui</Filter>
    </ClInclude>
    <ClInclude Include="..\include\blons\graphics\gui\consolewindow.h">
      <Filter>src\graphics\gui</Filter>
    </ClInclude>
    <ClInclude Include="..\include\blons\graphics\gui\control.h">
      <Filter>src\graphics\gui</Filter>
    </ClInclude>
    <ClInclude Include="..\include\blons\graphics\gui\font.h">
      <Filter>src\graphics\gui</Filter>
    </ClInclude>
    <ClInclude Include="..\include\blons\graphics\gui\gui.h">
      <Filter>src\graphics\gui</Filter>
    </ClInclude>
    <ClInclude Include="..\include\blons\graphics\gui\label.h">
      <Filter>src\graphics\gui</Filter>
    </ClInclude>
    <ClInclude Include="..\include\blons\graphics\gui\skin.h">
      <Filter>src\graphics\gui</Filter>
    </ClInclude>
    <ClInclude Include="..\include\blons\graphics\gui\textarea.h">
      <Filter>src\graphics\gui</Filter>
    </ClInclude>
    <ClInclude Include="..\include\blons\graphics\gui\textbox.h">
      <Filter>src\graphics\gui</Filter>
    </ClInclude>
    <ClInclude Include="..\include\blons\graphics\gui\window.h">
      <Filter>src\graphics\gui</Filter>
    </ClInclude>
    <ClInclude Include="..\include\blons\graphics\render\drawbatcher.h">
      <Filter>src\graphics\render</Filter>
    </ClInclude>
    <ClInclude Include="..\include\blons\graphics\render\shader.h">
      <Filter>src\graphics\render</Filter>
    </ClInclude>
    <ClInclude Include="..\include\blons\input\inputtemp.h">
      <Filter>src\input</Filter>
    </ClInclude>
    <ClInclude Include="..\include\blons\math\animation.h">
      <Filter>src\math</Filter>
    </ClInclude>
    <ClInclude Include="..\include\blons\math\math.h">
      <Filter>src\math</Filter>
    </ClInclude>
    <ClInclude Include="..\include\blons\math\units.h">
      <Filter>src\math</Filter>
    </ClInclude>
    <ClInclude Include="..\include\blons\blons.h">
      <Filter>src</Filter>
    </ClInclude>
    <ClInclude Include="..\include\blons\temphelpers.h">
      <Filter>src</Filter>
    </ClInclude>
    <ClInclude Include="graphics\render\glfuncloader.h">
      <Filter>src\graphics\render</Filter>
    </ClInclude>
    <ClInclude Include="debug\consoleparser.h">
      <Filter>src\debug</Filter>
    </ClInclude>
    <ClInclude Include="..\include\blons\debug.h">
      <Filter>src</Filter>
    </ClInclude>
    <ClInclude Include="..\include\blons\system\client.h">
      <Filter>src\system</Filter>
    </ClInclude>
    <ClInclude Include="..\include\blons\system\timer.h">
      <Filter>src\system</Filter>
    </ClInclude>
    <ClInclude Include="..\include\blons\system.h">
      <Filter>src</Filter>
    </ClInclude>
    <ClInclude Include="..\include\blons\graphics.h">
      <Filter>src</Filter>
    </ClInclude>
    <ClInclude Include="..\include\blons\input.h">
      <Filter>src</Filter>
    </ClInclude>
    <ClInclude Include="..\include\blons\math.h">
      <Filter>src</Filter>
    </ClInclude>
    <ClInclude Include="..\include\blons\graphics\gui\manager.h">
      <Filter>src\graphics\gui</Filter>
    </ClInclude>
    <ClInclude Include="graphics\resource.h">
      <Filter>src\graphics</Filter>
    </ClInclude>
    <ClInclude Include="..\include\blons\debug\consoleinternal.inl.h">
      <Filter>src\debug</Filter>
    </ClInclude>
    <ClInclude Include="..\include\blons\debug\consolevariable.h">
      <Filter>src\debug</Filter>
    </ClInclude>
    <ClInclude Include="..\include\blons\graphics\framebuffer.h">
      <Filter>src\graphics</Filter>
    </ClInclude>
    <ClInclude Include="graphics\internalresource.h">
      <Filter>src\graphics</Filter>
    </ClInclude>
    <ClInclude Include="..\include\blons\graphics\light.h">
      <Filter>src\graphics</Filter>
    </ClInclude>
    <ClInclude Include="..\include\blons\graphics\pipeline\deferred.h">
      <Filter>src\graphics\pipeline</Filter>
    </ClInclude>
    <ClInclude Include="..\include\blons\graphics\pipeline\stage\geometry.h">
      <Filter>src\graphics\pipeline\stage</Filter>
    </ClInclude>
    <ClInclude Include="..\include\blons\graphics\pipeline\stage\shadow.h">
      <Filter>src\graphics\pipeline\stage</Filter>
    </ClInclude>
    <ClInclude Include="..\include\blons\graphics\pipeline\pipeline.h">
      <Filter>src\graphics\pipeline</Filter>
    </ClInclude>
    <ClInclude Include="..\include\blons\graphics\pipeline\scene.h">
      <Filter>src\graphics\pipeline</Filter>
    </ClInclude>
    <ClInclude Include="..\include\blons\graphics\pipeline\stage\lighting.h">
      <Filter>src\graphics\pipeline\stage</Filter>
    </ClInclude>
    <ClInclude Include="..\include\blons\graphics\gui\debugslider.h">
      <Filter>src\graphics\gui</Filter>
    </ClInclude>
    <ClInclude Include="graphics\gui\debugsliderbutton.h">
      <Filter>src\graphics\gui</Filter>
    </ClInclude>
    <ClInclude Include="graphics\gui\debugslidertextbox.h">
      <Filter>src\graphics\gui</Filter>
    </ClInclude>
    <ClInclude Include="..\include\blons\graphics\render\computeshader.h">
      <Filter>src\graphics\render</Filter>
    </ClInclude>
    <ClInclude Include="..\include\blons\graphics\render\commonshader.h">
      <Filter>src\graphics\render</Filter>
    </ClInclude>
    <ClInclude Include="..\include\blons\graphics\render\renderer.h">
      <Filter>src\graphics\render</Filter>
    </ClInclude>
    <ClInclude Include="graphics\render\rendererd3d11.h">
      <Filter>src\graphics\render</Filter>
    </ClInclude>
    <ClInclude Include="graphics\render\renderergl43.h">
      <Filter>src\graphics\render</Filter>
    </ClInclude>
    <ClInclude Include="..\include\blons\graphics\render\context.h">
      <Filter>src\graphics\render</Filter>
    </ClInclude>
    <ClInclude Include="..\include\blons\graphics\texture3d.h">
      <Filter>src\graphics</Filter>
    </ClInclude>
    <ClInclude Include="..\include\blons\graphics\render\shaderdata.h">
      <Filter>src\graphics\render</Filter>
    </ClInclude>
    <ClInclude Include="..\include\blons\graphics\pipeline\stage\debug\probeview.h">
      <Filter>src\graphics\pipeline\stage\debug</Filter>
    </ClInclude>
    <ClInclude Include="..\include\blons\graphics\pipeline\stage\irradiancevolume.h">
      <Filter>src\graphics\pipeline\stage</Filter>
    </ClInclude>
    <ClInclude Include="..\include\blons\graphics\pipeline\stage\debug\debugoutput.h">
      <Filter>src\graphics\pipeline\stage\debug</Filter>
    </ClInclude>
    <ClInclude Include="..\include\blons\graphics\pipeline\stage\composite.h">
      <Filter>src\graphics\pipeline\stage</Filter>
    </ClInclude>
    <ClInclude Include="..\include\blons\graphics\pipeline\stage\debug\irradianceview.h">
      <Filter>src\graphics\pipeline\stage\debug</Filter>
    </ClInclude>
    <ClInclude Include="..\include\blons\graphics\pipeline\stage\debug\surfelview.h">
      <Filter>src\graphics\pipeline\stage\debug</Filter>
    </ClInclude>
    <ClInclude Include="..\include\blons\system\job.h">
      <Filter>src\system</Filter>
    </ClInclude>
    <ClInclude Include="..\include\blons\graphics\pipeline\stage\lightsector\lightsector.h">
      <Filter>src\graphics\pipeline\stage\lightsector</Filter>
    </ClInclude>
    <ClInclude Include="graphics\pipeline\stage\lightsector\radiancetransferbaker.h">
      <Filter>src\graphics\pipeline\stage\lightsector</Filter>
    </ClInclude>
  </ItemGroup>
  <ItemGroup>
    <ClCompile Include="graphics\gui\button.cpp">
      <Filter>src\graphics\gui</Filter>
    </ClCompile>
    <ClCompile Include="graphics\gui\colourstring.cpp">
      <Filter>src\graphics\gui</Filter>
    </ClCompile>
    <ClCompile Include="graphics\gui\consoletextarea.cpp">
      <Filter>src\graphics\gui</Filter>
    </ClCompile>
    <ClCompile Include="graphics\gui\consoletextbox.cpp">
      <Filter>src\graphics\gui</Filter>
    </ClCompile>
    <ClCompile Include="graphics\gui\consolewindow.cpp">
      <Filter>src\graphics\gui</Filter>
    </ClCompile>
    <ClCompile Include="graphics\gui\control.cpp">
      <Filter>src\graphics\gui</Filter>
    </ClCompile>
    <ClCompile Include="graphics\gui\font.cpp">
      <Filter>src\graphics\gui</Filter>
    </ClCompile>
    <ClCompile Include="graphics\gui\label.cpp">
      <Filter>src\graphics\gui</Filter>
    </ClCompile>
    <ClCompile Include="graphics\gui\skin.cpp">
      <Filter>src\graphics\gui</Filter>
    </ClCompile>
    <ClCompile Include="graphics\gui\textarea.cpp">
      <Filter>src\graphics\gui</Filter>
    </ClCompile>
    <ClCompile Include="graphics\gui\textbox.cpp">
      <Filter>src\graphics\gui</Filter>
    </ClCompile>
    <ClCompile Include="graphics\gui\window.cpp">
      <Filter>src\graphics\gui</Filter>
    </ClCompile>
    <ClCompile Include="graphics\render\drawbatcher.cpp">
      <Filter>src\graphics\render</Filter>
    </ClCompile>
    <ClCompile Include="graphics\render\glfuncloader.cpp">
      <Filter>src\graphics\render</Filter>
    </ClCompile>
    <ClCompile Include="graphics\render\shader.cpp">
      <Filter>src\graphics\render</Filter>
    </ClCompile>
    <ClCompile Include="graphics\camera.cpp">
      <Filter>src\graphics</Filter>
    </ClCompile>
    <ClCompile Include="graphics\graphics.cpp">
      <Filter>src\graphics</Filter>
    </ClCompile>
    <ClCompile Include="graphics\mesh.cpp">
      <Filter>src\graphics</Filter>
    </ClCompile>
    <ClCompile Include="graphics\meshimporter.cpp">
      <Filter>src\graphics</Filter>
    </ClCompile>
    <ClCompile Include="graphics\model.cpp">
      <Filter>src\graphics</Filter>
    </ClCompile>
    <ClCompile Include="graphics\sprite.cpp">
      <Filter>src\graphics</Filter>
    </ClCompile>
    <ClCompile Include="graphics\texture.cpp">
      <Filter>src\graphics</Filter>
    </ClCompile>
    <ClCompile Include="input\inputtemp.cpp">
      <Filter>src\input</Filter>
    </ClCompile>
    <ClCompile Include="math\animation.cpp">
      <Filter>src\math</Filter>
    </ClCompile>
    <ClCompile Include="math\math.cpp">
      <Filter>src\math</Filter>
    </ClCompile>
    <ClCompile Include="temphelpers.cpp">
      <Filter>src</Filter>
    </ClCompile>
    <ClCompile Include="debug\console.cpp">
      <Filter>src\debug</Filter>
    </ClCompile>
    <ClCompile Include="debug\log.cpp">
      <Filter>src\debug</Filter>
    </ClCompile>
    <ClCompile Include="debug\consoleparser.cpp">
      <Filter>src\debug</Filter>
    </ClCompile>
    <ClCompile Include="system\client.cpp">
      <Filter>src\system</Filter>
    </ClCompile>
    <ClCompile Include="system\timer.cpp">
      <Filter>src\system</Filter>
    </ClCompile>
    <ClCompile Include="graphics\gui\manager.cpp">
      <Filter>src\graphics\gui</Filter>
    </ClCompile>
    <ClCompile Include="graphics\resource.cpp">
      <Filter>src\graphics</Filter>
    </ClCompile>
    <ClCompile Include="graphics\framebuffer.cpp">
      <Filter>src\graphics</Filter>
    </ClCompile>
    <ClCompile Include="graphics\internalresource.cpp">
      <Filter>src\graphics</Filter>
    </ClCompile>
    <ClCompile Include="graphics\light.cpp">
      <Filter>src\graphics</Filter>
    </ClCompile>
    <ClCompile Include="graphics\pipeline\deferred.cpp">
      <Filter>src\graphics\pipeline</Filter>
    </ClCompile>
    <ClCompile Include="graphics\pipeline\stage\geometry.cpp">
      <Filter>src\graphics\pipeline\stage</Filter>
    </ClCompile>
    <ClCompile Include="graphics\pipeline\stage\shadow.cpp">
      <Filter>src\graphics\pipeline\stage</Filter>
    </ClCompile>
    <ClCompile Include="graphics\pipeline\stage\lighting.cpp">
      <Filter>src\graphics\pipeline\stage</Filter>
    </ClCompile>
    <ClCompile Include="graphics\gui\debugslider.cpp">
      <Filter>src\graphics\gui</Filter>
    </ClCompile>
    <ClCompile Include="graphics\gui\debugsliderbutton.cpp">
      <Filter>src\graphics\gui</Filter>
    </ClCompile>
    <ClCompile Include="graphics\gui\debugslidertextbox.cpp">
      <Filter>src\graphics\gui</Filter>
    </ClCompile>
    <ClCompile Include="graphics\render\computeshader.cpp">
      <Filter>src\graphics\render</Filter>
    </ClCompile>
    <ClCompile Include="graphics\render\commonshader.cpp">
      <Filter>src\graphics\render</Filter>
    </ClCompile>
    <ClCompile Include="graphics\render\rendererd3d11.cpp">
      <Filter>src\graphics\render</Filter>
    </ClCompile>
    <ClCompile Include="graphics\render\renderergl43.cpp">
      <Filter>src\graphics\render</Filter>
    </ClCompile>
    <ClCompile Include="graphics\render\context.cpp">
      <Filter>src\graphics\render</Filter>
    </ClCompile>
    <ClCompile Include="graphics\render\renderer.cpp">
      <Filter>src\graphics\render</Filter>
    </ClCompile>
    <ClCompile Include="graphics\texture3d.cpp">
      <Filter>src\graphics</Filter>
    </ClCompile>
    <ClCompile Include="graphics\pipeline\stage\debug\probeview.cpp">
      <Filter>src\graphics\pipeline\stage\debug</Filter>
    </ClCompile>
    <ClCompile Include="graphics\pipeline\stage\irradiancevolume.cpp">
      <Filter>src\graphics\pipeline\stage</Filter>
    </ClCompile>
    <ClCompile Include="graphics\pipeline\stage\debug\debugoutput.cpp">
      <Filter>src\graphics\pipeline\stage\debug</Filter>
    </ClCompile>
    <ClCompile Include="graphics\pipeline\stage\composite.cpp">
      <Filter>src\graphics\pipeline\stage</Filter>
    </ClCompile>
    <ClCompile Include="graphics\pipeline\stage\debug\irradianceview.cpp">
      <Filter>src\graphics\pipeline\stage\debug</Filter>
    </ClCompile>
    <ClCompile Include="graphics\pipeline\stage\debug\surfelview.cpp">
      <Filter>src\graphics\pipeline\stage\debug</Filter>
    </ClCompile>
    <ClCompile Include="system\job.cpp">
      <Filter>src\system</Filter>
    </ClCompile>
    <ClCompile Include="graphics\pipeline\stage\lightsector\lightsector.cpp">
      <Filter>src\graphics\pipeline\stage\lightsector</Filter>
    </ClCompile>
    <ClCompile Include="graphics\pipeline\stage\lightsector\radiancetransferbaker.cpp">
      <Filter>src\graphics\pipeline\stage\lightsector</Filter>
    </ClCompile>
  </ItemGroup>
  <ItemGroup>
    <None Include="shaders\composite.frag.glsl">
      <Filter>src\shaders</Filter>
    </None>
    <None Include="shaders\direct-light.frag.glsl">
      <Filter>src\shaders</Filter>
    </None>
    <None Include="shaders\irradiance-volume.comp.glsl">
      <Filter>src\shaders</Filter>
    </None>
    <None Include="shaders\light.frag.glsl">
      <Filter>src\shaders</Filter>
    </None>
    <None Include="shaders\mesh.frag.glsl">
      <Filter>src\shaders</Filter>
    </None>
    <None Include="shaders\mesh.vert.glsl">
      <Filter>src\shaders</Filter>
    </None>
    <None Include="shaders\probe-env-map.frag.glsl">
      <Filter>src\shaders</Filter>
    </None>
    <None Include="shaders\probe-env-map.vert.glsl">
      <Filter>src\shaders</Filter>
    </None>
    <None Include="shaders\probe-relight.comp.glsl">
      <Filter>src\shaders</Filter>
    </None>
    <None Include="shaders\shadow.frag.glsl">
      <Filter>src\shaders</Filter>
    </None>
    <None Include="shaders\shadow.vert.glsl">
      <Filter>src\shaders</Filter>
    </None>
    <None Include="shaders\shadow-blur.frag.glsl">
      <Filter>src\shaders</Filter>
    </None>
    <None Include="shaders\sprite.frag.glsl">
      <Filter>src\shaders</Filter>
    </None>
    <None Include="shaders\sprite.vert.glsl">
      <Filter>src\shaders</Filter>
    </None>
    <None Include="shaders\ui.frag.glsl">
      <Filter>src\shaders</Filter>
    </None>
    <None Include="shaders\ui-blur.frag.glsl">
      <Filter>src\shaders</Filter>
    </None>
    <None Include="shaders\ui-composite.frag.glsl">
      <Filter>src\shaders</Filter>
    </None>
    <None Include="shaders\debug\irradiance-volume.frag.glsl">
      <Filter>src\shaders\debug</Filter>
    </None>
    <None Include="shaders\debug\irradiance-volume.vert.glsl">
      <Filter>src\shaders\debug</Filter>
    </None>
    <None Include="shaders\debug\probe.frag.glsl">
      <Filter>src\shaders\debug</Filter>
    </None>
    <None Include="shaders\debug\surfel.frag.glsl">
      <Filter>src\shaders\debug</Filter>
    </None>
    <None Include="shaders\debug\surfel.vert.glsl">
      <Filter>src\shaders\debug</Filter>
    </None>
    <None Include="shaders\lib\colour.lib.glsl">
      <Filter>src\shaders\lib</Filter>
    </None>
    <None Include="shaders\lib\math.lib.glsl">
      <Filter>src\shaders\lib</Filter>
    </None>
    <None Include="shaders\lib\pbr.lib.glsl">
      <Filter>src\shaders\lib</Filter>
    </None>
    <None Include="shaders\lib\shadow.lib.glsl">
      <Filter>src\shaders\lib</Filter>
    </None>
    <None Include="shaders\lib\types.lib.glsl">
      <Filter>src\shaders\lib</Filter>
    </None>
    <None Include="shaders\surfelbrick-relight.comp.glsl">
      <Filter>src\shaders</Filter>
    </None>
    <None Include="shaders\ui.vert.glsl">
      <Filter>src\shaders</Filter>
    </None>
    <None Include="shaders\debug\line-grid.frag.glsl">
      <Filter>src\shaders\debug</Filter>
    </None>
    <None Include="shaders\lib\probes.lib.glsl">
      <Filter>src\shaders\lib</Filter>
    </None>
  </ItemGroup>
</Project>